{
  "version": 4,
  "terraform_version": "1.3.9",
  "serial": 18,
  "lineage": "1b467003-e9b9-cce2-f2a9-1c43dc2fa952",
  "outputs": {
    "id": {
      "value": "arn:aws:ec2:us-east-1:851725328185:instance/i-025b55a9c668bf4a9",
      "type": "string"
    },
    "ip": {
      "value": "54.89.199.145",
      "type": "string"
    }
  },
  "resources": [
    {
      "mode": "data",
      "type": "aws_ami",
      "name": "ubuntu",
      "provider": "provider[\"registry.terraform.io/hashicorp/aws\"]",
      "instances": [
        {
          "schema_version": 0,
          "attributes": {
            "architecture": "x86_64",
            "arn": "arn:aws:ec2:us-east-1::image/ami-04ab94c703fb30101",
            "block_device_mappings": [
              {
                "device_name": "/dev/sda1",
                "ebs": {
                  "delete_on_termination": "true",
                  "encrypted": "false",
                  "iops": "0",
                  "snapshot_id": "snap-088aabc768a1dabd4",
                  "throughput": "0",
                  "volume_size": "8",
                  "volume_type": "gp2"
                },
                "no_device": "",
                "virtual_name": ""
              },
              {
                "device_name": "/dev/sdb",
                "ebs": {},
                "no_device": "",
                "virtual_name": "ephemeral0"
              },
              {
                "device_name": "/dev/sdc",
                "ebs": {},
                "no_device": "",
                "virtual_name": "ephemeral1"
              }
            ],
            "boot_mode": "legacy-bios",
            "creation_date": "2024-01-26T02:51:04.000Z",
            "deprecation_time": "2026-01-26T02:51:04.000Z",
            "description": "Canonical, Ubuntu, 22.04 LTS, amd64 jammy image build on 2024-01-26",
            "ena_support": true,
            "executable_users": null,
            "filter": [
              {
                "name": "name",
                "values": [
                  "ubuntu/images/hvm-ssd/ubuntu-*-22.04-amd64-server-*"
                ]
              },
              {
                "name": "virtualization-type",
                "values": [
                  "hvm"
                ]
              }
            ],
            "hypervisor": "xen",
            "id": "ami-04ab94c703fb30101",
            "image_id": "ami-04ab94c703fb30101",
            "image_location": "amazon/ubuntu/images/hvm-ssd/ubuntu-jammy-22.04-amd64-server-20240126",
            "image_owner_alias": "amazon",
            "image_type": "machine",
            "imds_support": "",
            "include_deprecated": false,
            "kernel_id": "",
            "most_recent": true,
            "name": "ubuntu/images/hvm-ssd/ubuntu-jammy-22.04-amd64-server-20240126",
            "name_regex": null,
            "owner_id": "099720109477",
            "owners": [
              "099720109477"
            ],
            "platform": "",
            "platform_details": "Linux/UNIX",
            "product_codes": [],
            "public": true,
            "ramdisk_id": "",
            "root_device_name": "/dev/sda1",
            "root_device_type": "ebs",
            "root_snapshot_id": "snap-088aabc768a1dabd4",
            "sriov_net_support": "simple",
            "state": "available",
            "state_reason": {
              "code": "UNSET",
              "message": "UNSET"
            },
            "tags": {},
            "timeouts": null,
            "tpm_support": "",
            "usage_operation": "RunInstances",
            "virtualization_type": "hvm"
          },
          "sensitive_attributes": []
        }
      ]
    },
    {
      "mode": "data",
      "type": "template_file",
      "name": "wordpress_user_data",
      "provider": "provider[\"registry.terraform.io/hashicorp/template\"]",
      "instances": [
        {
          "schema_version": 0,
          "attributes": {
            "filename": null,
            "id": "97a109e8bc895d9857a541c8bab43ee24679183bd23639022b8308f138fbe339",
            "rendered": "#!/bin/bash\ndb_username=wordpress_user\ndb_user_password=YIbiUNW4zkorv0Tu\ndb_host=codio-database.c5imuowm283a.us-east-1.rds.amazonaws.com\ndb_name=wordpress\n\n#install apache server\napt update  -y\napt upgrade -y\napt install -y apache2\napt install -y php\napt install -y php php-{pear,cgi,common,curl,mbstring,gd,mysqlnd,bcmath,json,xml,intl,zip,imap,imagick}\n\n\n# starting apache and mysql server and register them to startup\nsystemctl enable --now  apache2\n\n# Change OWNER and permission of directory /var/www\nusermod -a -G www-data ubuntu\nchown -R ubuntu:www-data /var/www\nfind /var/www -type d -exec chmod 2775 {} \\;\nfind /var/www -type f -exec chmod 0664 {} \\;\n\n\n# Download wordpress package and extract\nwget https://wordpress.org/latest.tar.gz\ntar -xzf latest.tar.gz\ncp -r wordpress/* /var/www/html/\n\n# Create wordpress configuration file and update database value\ncd /var/www/html\ncp wp-config-sample.php wp-config.php\n\nsed -i \"s/database_name_here/$db_name/g\" wp-config.php\nsed -i \"s/username_here/$db_username/g\" wp-config.php\nsed -i \"s/password_here/$db_user_password/g\" wp-config.php\nsed -i \"s/localhost/$db_host/g\" wp-config.php\ncat \u003c\u003cEOF \u003e\u003e/var/www/html/wp-config.php\n\ndefine( 'FS_METHOD', 'direct' );\ndefine('WP_MEMORY_LIMIT', '256M');\n\nEOF\n\n# Change permission of /var/www/html/\nchown -R ubuntu:www-data /var/www/html\nchmod -R 774 /var/www/html\nrm /var/www/html/index.html\n#  enable .htaccess files in Apache config using sed command\nsed -i '/\u003cDirectory \"\\/var\\/www\\/html\"\u003e/,/\u003c\\/Directory\u003e/ s/AllowOverride None/AllowOverride all/' /etc/apache2/apache2.conf\n\n# restart apache\nsystemctl restart apache2",
            "template": "#!/bin/bash\ndb_username=${db_user}\ndb_user_password=${db_password}\ndb_host=${db_endpoint}\ndb_name=${db_name}\n\n#install apache server\napt update  -y\napt upgrade -y\napt install -y apache2\napt install -y php\napt install -y php php-{pear,cgi,common,curl,mbstring,gd,mysqlnd,bcmath,json,xml,intl,zip,imap,imagick}\n\n\n# starting apache and mysql server and register them to startup\nsystemctl enable --now  apache2\n\n# Change OWNER and permission of directory /var/www\nusermod -a -G www-data ubuntu\nchown -R ubuntu:www-data /var/www\nfind /var/www -type d -exec chmod 2775 {} \\;\nfind /var/www -type f -exec chmod 0664 {} \\;\n\n\n# Download wordpress package and extract\nwget https://wordpress.org/latest.tar.gz\ntar -xzf latest.tar.gz\ncp -r wordpress/* /var/www/html/\n\n# Create wordpress configuration file and update database value\ncd /var/www/html\ncp wp-config-sample.php wp-config.php\n\nsed -i \"s/database_name_here/$db_name/g\" wp-config.php\nsed -i \"s/username_here/$db_username/g\" wp-config.php\nsed -i \"s/password_here/$db_user_password/g\" wp-config.php\nsed -i \"s/localhost/$db_host/g\" wp-config.php\ncat \u003c\u003cEOF \u003e\u003e/var/www/html/wp-config.php\n\ndefine( 'FS_METHOD', 'direct' );\ndefine('WP_MEMORY_LIMIT', '256M');\n\nEOF\n\n# Change permission of /var/www/html/\nchown -R ubuntu:www-data /var/www/html\nchmod -R 774 /var/www/html\nrm /var/www/html/index.html\n#  enable .htaccess files in Apache config using sed command\nsed -i '/\u003cDirectory \"\\/var\\/www\\/html\"\u003e/,/\u003c\\/Directory\u003e/ s/AllowOverride None/AllowOverride all/' /etc/apache2/apache2.conf\n\n# restart apache\nsystemctl restart apache2",
            "vars": {
              "db_endpoint": "codio-database.c5imuowm283a.us-east-1.rds.amazonaws.com",
              "db_name": "wordpress",
              "db_password": "YIbiUNW4zkorv0Tu",
              "db_user": "wordpress_user"
            }
          },
          "sensitive_attributes": [
            [
              {
                "type": "get_attr",
                "value": "vars"
              },
              {
                "type": "index",
                "value": {
                  "value": "db_password",
                  "type": "string"
                }
              }
            ]
          ]
        }
      ]
    },
    {
      "mode": "managed",
      "type": "aws_instance",
      "name": "wordpress",
      "provider": "provider[\"registry.terraform.io/hashicorp/aws\"]",
      "instances": [
        {
          "schema_version": 1,
          "attributes": {
            "ami": "ami-04ab94c703fb30101",
            "arn": "arn:aws:ec2:us-east-1:851725328185:instance/i-025b55a9c668bf4a9",
            "associate_public_ip_address": true,
            "availability_zone": "us-east-1d",
            "capacity_reservation_specification": [
              {
                "capacity_reservation_preference": "open",
                "capacity_reservation_target": []
              }
            ],
            "cpu_core_count": 1,
            "cpu_options": [
              {
                "amd_sev_snp": "",
                "core_count": 1,
                "threads_per_core": 2
              }
            ],
            "cpu_threads_per_core": 2,
            "credit_specification": [
              {
                "cpu_credits": "unlimited"
              }
            ],
            "disable_api_stop": false,
            "disable_api_termination": false,
            "ebs_block_device": [],
            "ebs_optimized": false,
            "enclave_options": [
              {
                "enabled": false
              }
            ],
            "ephemeral_block_device": [],
            "get_password_data": false,
            "hibernation": false,
            "host_id": "",
            "host_resource_group_arn": null,
            "iam_instance_profile": "",
            "id": "i-025b55a9c668bf4a9",
            "instance_initiated_shutdown_behavior": "stop",
            "instance_state": "running",
            "instance_type": "t3.micro",
            "ipv6_address_count": 0,
            "ipv6_addresses": [],
            "key_name": "codio-deployer-key",
            "launch_template": [],
            "maintenance_options": [
              {
                "auto_recovery": "default"
              }
            ],
            "metadata_options": [
              {
                "http_endpoint": "enabled",
                "http_put_response_hop_limit": 1,
                "http_tokens": "optional",
                "instance_metadata_tags": "disabled"
              }
            ],
            "monitoring": false,
            "network_interface": [],
            "outpost_arn": "",
            "password_data": "",
            "placement_group": "",
            "placement_partition_number": 0,
            "primary_network_interface_id": "eni-06e06f7016fbec28e",
            "private_dns": "ip-10-0-1-239.ec2.internal",
            "private_dns_name_options": [
              {
                "enable_resource_name_dns_a_record": false,
                "enable_resource_name_dns_aaaa_record": false,
                "hostname_type": "ip-name"
              }
            ],
            "private_ip": "10.0.1.239",
            "public_dns": "ec2-54-89-199-145.compute-1.amazonaws.com",
            "public_ip": "54.89.199.145",
            "root_block_device": [
              {
                "delete_on_termination": true,
                "device_name": "/dev/sda1",
                "encrypted": false,
                "iops": 100,
                "kms_key_id": "",
                "tags": {},
                "throughput": 0,
                "volume_id": "vol-06587fd6717d16aee",
                "volume_size": 8,
                "volume_type": "gp2"
              }
            ],
            "secondary_private_ips": [],
            "security_groups": [],
            "source_dest_check": true,
            "subnet_id": "subnet-06f292624c834bc2c",
            "tags": {
              "Name": "Codio Terraform Demo"
            },
            "tags_all": {
              "Name": "Codio Terraform Demo"
            },
            "tenancy": "default",
            "timeouts": null,
            "user_data": "b0c0af110746f1ae8b0ab2b3a433ec5ecaa73b68",
            "user_data_base64": null,
            "user_data_replace_on_change": false,
            "volume_tags": null,
            "vpc_security_group_ids": [
              "sg-04cec63f6dcce2682"
            ]
          },
          "sensitive_attributes": [],
          "private": "eyJlMmJmYjczMC1lY2FhLTExZTYtOGY4OC0zNDM2M2JjN2M0YzAiOnsiY3JlYXRlIjo2MDAwMDAwMDAwMDAsImRlbGV0ZSI6MTIwMDAwMDAwMDAwMCwidXBkYXRlIjo2MDAwMDAwMDAwMDB9LCJzY2hlbWFfdmVyc2lvbiI6IjEifQ==",
          "dependencies": [
            "aws_key_pair.deployer",
            "aws_security_group.database",
            "aws_security_group.wordpress",
            "aws_subnet.main",
            "aws_subnet.second",
            "aws_vpc.main",
            "data.aws_ami.ubuntu",
            "data.template_file.wordpress_user_data",
            "module.database.module.db_instance.aws_cloudwatch_log_group.this",
            "module.database.module.db_instance.aws_db_instance.this",
            "module.database.module.db_instance.aws_iam_role.enhanced_monitoring",
            "module.database.module.db_instance.random_id.snapshot_identifier",
            "module.database.module.db_option_group.aws_db_option_group.this",
            "module.database.module.db_parameter_group.aws_db_parameter_group.this",
            "module.database.module.db_subnet_group.aws_db_subnet_group.this",
            "module.database.random_password.master_password"
          ]
        }
      ]
    },
    {
      "mode": "managed",
      "type": "aws_internet_gateway",
      "name": "igw",
      "provider": "provider[\"registry.terraform.io/hashicorp/aws\"]",
      "instances": [
        {
          "schema_version": 0,
          "attributes": {
            "arn": "arn:aws:ec2:us-east-1:851725328185:internet-gateway/igw-034c0cf40691439e4",
            "id": "igw-034c0cf40691439e4",
            "owner_id": "851725328185",
            "tags": {
              "Name": "Codio Terraform Demo"
            },
            "tags_all": {
              "Name": "Codio Terraform Demo"
            },
            "timeouts": null,
            "vpc_id": "vpc-06d528b1143bc660e"
          },
          "sensitive_attributes": [],
          "private": "eyJlMmJmYjczMC1lY2FhLTExZTYtOGY4OC0zNDM2M2JjN2M0YzAiOnsiY3JlYXRlIjoxMjAwMDAwMDAwMDAwLCJkZWxldGUiOjEyMDAwMDAwMDAwMDAsInVwZGF0ZSI6MTIwMDAwMDAwMDAwMH19",
          "dependencies": [
            "aws_vpc.main"
          ]
        }
      ]
    },
    {
      "mode": "managed",
      "type": "aws_key_pair",
      "name": "deployer",
      "provider": "provider[\"registry.terraform.io/hashicorp/aws\"]",
      "instances": [
        {
          "schema_version": 1,
          "attributes": {
            "arn": "arn:aws:ec2:us-east-1:851725328185:key-pair/codio-deployer-key",
            "fingerprint": "Ng6rF6g0u7g9NxhBYM11ZEF0oGLKFB9CNOcHeakm5nE=",
            "id": "codio-deployer-key",
            "key_name": "codio-deployer-key",
            "key_name_prefix": "",
            "key_pair_id": "key-0b186c7ebfb9caa92",
            "key_type": "ed25519",
            "public_key": "ssh-ed25519 AAAAC3NzaC1lZDI1NTE5AAAAIITYwqq2dqsJcV0nzhLXhI5CcrIwXcZJrEuTNLtNt2Tx",
            "tags": null,
            "tags_all": {}
          },
          "sensitive_attributes": [],
          "private": "eyJzY2hlbWFfdmVyc2lvbiI6IjEifQ=="
        }
      ]
    },
    {
      "mode": "managed",
      "type": "aws_route_table",
      "name": "crt",
      "provider": "provider[\"registry.terraform.io/hashicorp/aws\"]",
      "instances": [
        {
          "schema_version": 0,
          "attributes": {
            "arn": "arn:aws:ec2:us-east-1:851725328185:route-table/rtb-0354c8c3bdf85ffed",
            "id": "rtb-0354c8c3bdf85ffed",
            "owner_id": "851725328185",
            "propagating_vgws": [],
            "route": [
              {
                "carrier_gateway_id": "",
                "cidr_block": "0.0.0.0/0",
                "core_network_arn": "",
                "destination_prefix_list_id": "",
                "egress_only_gateway_id": "",
                "gateway_id": "igw-034c0cf40691439e4",
                "instance_id": "",
                "ipv6_cidr_block": "",
                "local_gateway_id": "",
                "nat_gateway_id": "",
                "network_interface_id": "",
                "transit_gateway_id": "",
                "vpc_endpoint_id": "",
                "vpc_peering_connection_id": ""
              }
            ],
            "tags": {
              "Name": "Codio Terraform Demo"
            },
            "tags_all": {
              "Name": "Codio Terraform Demo"
            },
            "timeouts": null,
            "vpc_id": "vpc-06d528b1143bc660e"
          },
          "sensitive_attributes": [],
          "private": "eyJlMmJmYjczMC1lY2FhLTExZTYtOGY4OC0zNDM2M2JjN2M0YzAiOnsiY3JlYXRlIjozMDAwMDAwMDAwMDAsImRlbGV0ZSI6MzAwMDAwMDAwMDAwLCJ1cGRhdGUiOjEyMDAwMDAwMDAwMH19",
          "dependencies": [
            "aws_internet_gateway.igw",
            "aws_vpc.main"
          ]
        }
      ]
    },
    {
      "mode": "managed",
      "type": "aws_route_table_association",
      "name": "public_subnet_1",
      "provider": "provider[\"registry.terraform.io/hashicorp/aws\"]",
      "instances": [
        {
          "schema_version": 0,
          "attributes": {
            "gateway_id": "",
            "id": "rtbassoc-0972c488cac6d9bcc",
            "route_table_id": "rtb-0354c8c3bdf85ffed",
            "subnet_id": "subnet-06f292624c834bc2c",
            "timeouts": null
          },
          "sensitive_attributes": [],
          "private": "eyJlMmJmYjczMC1lY2FhLTExZTYtOGY4OC0zNDM2M2JjN2M0YzAiOnsiY3JlYXRlIjozMDAwMDAwMDAwMDAsImRlbGV0ZSI6MzAwMDAwMDAwMDAwLCJ1cGRhdGUiOjEyMDAwMDAwMDAwMH19",
          "dependencies": [
            "aws_internet_gateway.igw",
            "aws_route_table.crt",
            "aws_subnet.main",
            "aws_vpc.main"
          ]
        }
      ]
    },
    {
      "mode": "managed",
      "type": "aws_route_table_association",
      "name": "public_subnet_2",
      "provider": "provider[\"registry.terraform.io/hashicorp/aws\"]",
      "instances": [
        {
          "schema_version": 0,
          "attributes": {
            "gateway_id": "",
            "id": "rtbassoc-0016e847a4a6c290a",
            "route_table_id": "rtb-0354c8c3bdf85ffed",
            "subnet_id": "subnet-0dee6cdd950e4dff8",
            "timeouts": null
          },
          "sensitive_attributes": [],
          "private": "eyJlMmJmYjczMC1lY2FhLTExZTYtOGY4OC0zNDM2M2JjN2M0YzAiOnsiY3JlYXRlIjozMDAwMDAwMDAwMDAsImRlbGV0ZSI6MzAwMDAwMDAwMDAwLCJ1cGRhdGUiOjEyMDAwMDAwMDAwMH19",
          "dependencies": [
            "aws_internet_gateway.igw",
            "aws_route_table.crt",
            "aws_subnet.second",
            "aws_vpc.main"
          ]
        }
      ]
    },
    {
      "mode": "managed",
      "type": "aws_security_group",
      "name": "database",
      "provider": "provider[\"registry.terraform.io/hashicorp/aws\"]",
      "instances": [
        {
          "schema_version": 1,
          "attributes": {
            "arn": "arn:aws:ec2:us-east-1:851725328185:security-group/sg-0905d8f89c24048cb",
            "description": "Managed by Terraform",
            "egress": [
              {
                "cidr_blocks": [
                  "0.0.0.0/0"
                ],
                "description": "",
                "from_port": 0,
                "ipv6_cidr_blocks": [
                  "::/0"
                ],
                "prefix_list_ids": [],
                "protocol": "-1",
                "security_groups": [],
                "self": false,
                "to_port": 0
              }
            ],
            "id": "sg-0905d8f89c24048cb",
            "ingress": [
              {
                "cidr_blocks": [
                  "10.0.1.0/24",
                  "10.0.2.0/24"
                ],
                "description": "Mysql from VPC",
                "from_port": 3306,
                "ipv6_cidr_blocks": [],
                "prefix_list_ids": [],
                "protocol": "tcp",
                "security_groups": [],
                "self": false,
                "to_port": 3306
              }
            ],
            "name": "allow database connection",
            "name_prefix": "",
            "owner_id": "851725328185",
            "revoke_rules_on_delete": false,
            "tags": {
              "Name": "Codio Terraform Demo"
            },
            "tags_all": {
              "Name": "Codio Terraform Demo"
            },
            "timeouts": null,
            "vpc_id": "vpc-06d528b1143bc660e"
          },
          "sensitive_attributes": [],
          "private": "eyJlMmJmYjczMC1lY2FhLTExZTYtOGY4OC0zNDM2M2JjN2M0YzAiOnsiY3JlYXRlIjo2MDAwMDAwMDAwMDAsImRlbGV0ZSI6OTAwMDAwMDAwMDAwfSwic2NoZW1hX3ZlcnNpb24iOiIxIn0=",
          "dependencies": [
            "aws_subnet.main",
            "aws_subnet.second",
            "aws_vpc.main"
          ]
        }
      ]
    },
    {
      "mode": "managed",
      "type": "aws_security_group",
      "name": "wordpress",
      "provider": "provider[\"registry.terraform.io/hashicorp/aws\"]",
      "instances": [
        {
          "schema_version": 1,
          "attributes": {
            "arn": "arn:aws:ec2:us-east-1:851725328185:security-group/sg-04cec63f6dcce2682",
            "description": "Managed by Terraform",
            "egress": [
              {
                "cidr_blocks": [
                  "0.0.0.0/0"
                ],
                "description": "",
                "from_port": 0,
                "ipv6_cidr_blocks": [
                  "::/0"
                ],
                "prefix_list_ids": [],
                "protocol": "-1",
                "security_groups": [],
                "self": false,
                "to_port": 0
              }
            ],
            "id": "sg-04cec63f6dcce2682",
            "ingress": [
              {
                "cidr_blocks": [
                  "0.0.0.0/0"
                ],
                "description": "HTTP from Everywhere",
                "from_port": 80,
                "ipv6_cidr_blocks": [],
                "prefix_list_ids": [],
                "protocol": "tcp",
                "security_groups": [],
                "self": false,
                "to_port": 80
              },
              {
                "cidr_blocks": [
                  "0.0.0.0/0"
                ],
                "description": "ssh from Everywhere",
                "from_port": 22,
                "ipv6_cidr_blocks": [],
                "prefix_list_ids": [],
                "protocol": "tcp",
                "security_groups": [],
                "self": false,
                "to_port": 22
              }
            ],
            "name": "allow instance connection",
            "name_prefix": "",
            "owner_id": "851725328185",
            "revoke_rules_on_delete": false,
            "tags": {
              "Name": "Codio Terraform Demo"
            },
            "tags_all": {
              "Name": "Codio Terraform Demo"
            },
            "timeouts": null,
            "vpc_id": "vpc-06d528b1143bc660e"
          },
          "sensitive_attributes": [],
          "private": "eyJlMmJmYjczMC1lY2FhLTExZTYtOGY4OC0zNDM2M2JjN2M0YzAiOnsiY3JlYXRlIjo2MDAwMDAwMDAwMDAsImRlbGV0ZSI6OTAwMDAwMDAwMDAwfSwic2NoZW1hX3ZlcnNpb24iOiIxIn0=",
          "dependencies": [
            "aws_vpc.main"
          ]
        }
      ]
    },
    {
      "mode": "managed",
      "type": "aws_subnet",
      "name": "main",
      "provider": "provider[\"registry.terraform.io/hashicorp/aws\"]",
      "instances": [
        {
          "schema_version": 1,
          "attributes": {
            "arn": "arn:aws:ec2:us-east-1:851725328185:subnet/subnet-06f292624c834bc2c",
            "assign_ipv6_address_on_creation": false,
            "availability_zone": "us-east-1d",
            "availability_zone_id": "use1-az4",
            "cidr_block": "10.0.1.0/24",
            "customer_owned_ipv4_pool": "",
            "enable_dns64": false,
            "enable_lni_at_device_index": 0,
            "enable_resource_name_dns_a_record_on_launch": false,
            "enable_resource_name_dns_aaaa_record_on_launch": false,
            "id": "subnet-06f292624c834bc2c",
            "ipv6_cidr_block": "",
            "ipv6_cidr_block_association_id": "",
            "ipv6_native": false,
            "map_customer_owned_ip_on_launch": false,
            "map_public_ip_on_launch": true,
            "outpost_arn": "",
            "owner_id": "851725328185",
            "private_dns_hostname_type_on_launch": "ip-name",
            "tags": {
              "Name": "Codio Terraform Demo"
            },
            "tags_all": {
              "Name": "Codio Terraform Demo"
            },
            "timeouts": null,
            "vpc_id": "vpc-06d528b1143bc660e"
          },
          "sensitive_attributes": [],
          "private": "eyJlMmJmYjczMC1lY2FhLTExZTYtOGY4OC0zNDM2M2JjN2M0YzAiOnsiY3JlYXRlIjo2MDAwMDAwMDAwMDAsImRlbGV0ZSI6MTIwMDAwMDAwMDAwMH0sInNjaGVtYV92ZXJzaW9uIjoiMSJ9",
          "dependencies": [
            "aws_vpc.main"
          ]
        }
      ]
    },
    {
      "mode": "managed",
      "type": "aws_subnet",
      "name": "second",
      "provider": "provider[\"registry.terraform.io/hashicorp/aws\"]",
      "instances": [
        {
          "schema_version": 1,
          "attributes": {
            "arn": "arn:aws:ec2:us-east-1:851725328185:subnet/subnet-0dee6cdd950e4dff8",
            "assign_ipv6_address_on_creation": false,
            "availability_zone": "us-east-1e",
            "availability_zone_id": "use1-az3",
            "cidr_block": "10.0.2.0/24",
            "customer_owned_ipv4_pool": "",
            "enable_dns64": false,
            "enable_lni_at_device_index": 0,
            "enable_resource_name_dns_a_record_on_launch": false,
            "enable_resource_name_dns_aaaa_record_on_launch": false,
            "id": "subnet-0dee6cdd950e4dff8",
            "ipv6_cidr_block": "",
            "ipv6_cidr_block_association_id": "",
            "ipv6_native": false,
            "map_customer_owned_ip_on_launch": false,
            "map_public_ip_on_launch": true,
            "outpost_arn": "",
            "owner_id": "851725328185",
            "private_dns_hostname_type_on_launch": "ip-name",
            "tags": {
              "Name": "Codio Terraform Demo"
            },
            "tags_all": {
              "Name": "Codio Terraform Demo"
            },
            "timeouts": null,
            "vpc_id": "vpc-06d528b1143bc660e"
          },
          "sensitive_attributes": [],
          "private": "eyJlMmJmYjczMC1lY2FhLTExZTYtOGY4OC0zNDM2M2JjN2M0YzAiOnsiY3JlYXRlIjo2MDAwMDAwMDAwMDAsImRlbGV0ZSI6MTIwMDAwMDAwMDAwMH0sInNjaGVtYV92ZXJzaW9uIjoiMSJ9",
          "dependencies": [
            "aws_vpc.main"
          ]
        }
      ]
    },
    {
      "mode": "managed",
      "type": "aws_vpc",
      "name": "main",
      "provider": "provider[\"registry.terraform.io/hashicorp/aws\"]",
      "instances": [
        {
          "schema_version": 1,
          "attributes": {
            "arn": "arn:aws:ec2:us-east-1:851725328185:vpc/vpc-06d528b1143bc660e",
            "assign_generated_ipv6_cidr_block": false,
            "cidr_block": "10.0.0.0/16",
            "default_network_acl_id": "acl-0033734a0233a9a5a",
            "default_route_table_id": "rtb-0c42aee3434b95099",
            "default_security_group_id": "sg-0bda0f5d0af0bb028",
            "dhcp_options_id": "dopt-05b9127d5b7bfb244",
            "enable_classiclink": false,
            "enable_classiclink_dns_support": false,
            "enable_dns_hostnames": true,
            "enable_dns_support": true,
            "enable_network_address_usage_metrics": false,
            "id": "vpc-06d528b1143bc660e",
            "instance_tenancy": "default",
            "ipv4_ipam_pool_id": null,
            "ipv4_netmask_length": null,
            "ipv6_association_id": "",
            "ipv6_cidr_block": "",
            "ipv6_cidr_block_network_border_group": "",
            "ipv6_ipam_pool_id": "",
            "ipv6_netmask_length": 0,
            "main_route_table_id": "rtb-0c42aee3434b95099",
            "owner_id": "851725328185",
            "tags": {
              "Name": "Codio Terraform Demo"
            },
            "tags_all": {
              "Name": "Codio Terraform Demo"
            }
          },
          "sensitive_attributes": [],
          "private": "eyJzY2hlbWFfdmVyc2lvbiI6IjEifQ=="
        }
      ]
    },
    {
      "module": "module.database",
      "mode": "managed",
      "type": "random_password",
      "name": "master_password",
      "provider": "provider[\"registry.terraform.io/hashicorp/random\"]",
      "instances": [
        {
          "index_key": 0,
          "schema_version": 3,
          "attributes": {
            "bcrypt_hash": "$2a$10$W2hKFC8JivmWqeiJaens4.7IsUxvrCuKTGlcn3tUr4zesXt73nF3a",
            "id": "none",
            "keepers": null,
            "length": 16,
            "lower": true,
            "min_lower": 0,
            "min_numeric": 0,
            "min_special": 0,
            "min_upper": 0,
            "number": true,
            "numeric": true,
            "override_special": null,
            "result": "YIbiUNW4zkorv0Tu",
            "special": false,
            "upper": true
          },
          "sensitive_attributes": []
        }
      ]
    },
    {
      "module": "module.database.module.db_instance",
      "mode": "data",
      "type": "aws_iam_policy_document",
      "name": "enhanced_monitoring",
      "provider": "provider[\"registry.terraform.io/hashicorp/aws\"]",
      "instances": [
        {
          "schema_version": 0,
          "attributes": {
            "id": "1813475199",
            "json": "{\n  \"Version\": \"2012-10-17\",\n  \"Statement\": [\n    {\n      \"Sid\": \"\",\n      \"Effect\": \"Allow\",\n      \"Action\": \"sts:AssumeRole\",\n      \"Principal\": {\n        \"Service\": \"monitoring.rds.amazonaws.com\"\n      }\n    }\n  ]\n}",
            "override_json": null,
            "override_policy_documents": null,
            "policy_id": null,
            "source_json": null,
            "source_policy_documents": null,
            "statement": [
              {
                "actions": [
                  "sts:AssumeRole"
                ],
                "condition": [],
                "effect": "Allow",
                "not_actions": [],
                "not_principals": [],
                "not_resources": [],
                "principals": [
                  {
                    "identifiers": [
                      "monitoring.rds.amazonaws.com"
                    ],
                    "type": "Service"
                  }
                ],
                "resources": [],
                "sid": ""
              }
            ],
            "version": "2012-10-17"
          },
          "sensitive_attributes": []
        }
      ]
    },
    {
      "module": "module.database.module.db_instance",
      "mode": "data",
      "type": "aws_partition",
      "name": "current",
      "provider": "provider[\"registry.terraform.io/hashicorp/aws\"]",
      "instances": [
        {
          "schema_version": 0,
          "attributes": {
            "dns_suffix": "amazonaws.com",
            "id": "aws",
            "partition": "aws",
            "reverse_dns_prefix": "com.amazonaws"
          },
          "sensitive_attributes": []
        }
      ]
    },
    {
      "module": "module.database.module.db_instance",
      "mode": "managed",
      "type": "aws_db_instance",
      "name": "this",
      "provider": "provider[\"registry.terraform.io/hashicorp/aws\"]",
      "instances": [
        {
          "index_key": 0,
          "schema_version": 1,
          "attributes": {
            "address": "codio-database.c5imuowm283a.us-east-1.rds.amazonaws.com",
            "allocated_storage": 5,
            "allow_major_version_upgrade": false,
            "apply_immediately": true,
            "arn": "arn:aws:rds:us-east-1:851725328185:db:codio-database",
            "auto_minor_version_upgrade": true,
            "availability_zone": "us-east-1d",
            "backup_retention_period": 0,
            "backup_window": "06:53-07:23",
            "blue_green_update": [],
            "ca_cert_identifier": "rds-ca-2019",
            "character_set_name": "",
            "copy_tags_to_snapshot": false,
            "custom_iam_instance_profile": "",
            "customer_owned_ip_enabled": false,
            "db_name": "wordpress",
            "db_subnet_group_name": "codio-database-20240129182307869800000003",
            "delete_automated_backups": true,
            "deletion_protection": false,
            "domain": "",
            "domain_iam_role_name": "",
            "enabled_cloudwatch_logs_exports": null,
            "endpoint": "codio-database.c5imuowm283a.us-east-1.rds.amazonaws.com:3306",
            "engine": "mysql",
            "engine_version": "8.0.35",
            "engine_version_actual": "8.0.35",
            "final_snapshot_identifier": null,
            "hosted_zone_id": "Z2R2ITUGPM61AM",
            "iam_database_authentication_enabled": false,
            "id": "codio-database",
            "identifier": "codio-database",
            "identifier_prefix": "",
            "instance_class": "db.t3.micro",
            "iops": 0,
            "kms_key_id": "arn:aws:kms:us-east-1:851725328185:key/f5443607-7660-45be-a6fe-44751b6a3e76",
            "latest_restorable_time": "",
            "license_model": "general-public-license",
            "listener_endpoint": [],
            "maintenance_window": "thu:06:07-thu:06:37",
            "manage_master_user_password": null,
            "master_user_secret": [],
            "master_user_secret_kms_key_id": null,
            "max_allocated_storage": 0,
            "monitoring_interval": 0,
            "monitoring_role_arn": "",
            "multi_az": false,
            "name": "wordpress",
            "nchar_character_set_name": "",
            "network_type": "IPV4",
            "option_group_name": "codio-database-20240129182245083500000002",
            "parameter_group_name": "codio-database-20240129182245080700000001",
            "password": "YIbiUNW4zkorv0Tu",
            "performance_insights_enabled": false,
            "performance_insights_kms_key_id": "",
            "performance_insights_retention_period": 0,
            "port": 3306,
            "publicly_accessible": false,
            "replica_mode": "",
            "replicas": [],
            "replicate_source_db": "",
            "resource_id": "db-OWDUSV3IYZY7TO5VMQH2L5MI3E",
            "restore_to_point_in_time": [],
            "s3_import": [],
            "security_group_names": null,
            "skip_final_snapshot": true,
            "snapshot_identifier": null,
            "status": "available",
            "storage_encrypted": true,
            "storage_throughput": 0,
            "storage_type": "gp2",
            "tags": {
              "Name": "Codio Terraform Demo"
            },
            "tags_all": {
              "Name": "Codio Terraform Demo"
            },
            "timeouts": {
              "create": null,
              "delete": null,
              "update": null
            },
            "timezone": "",
            "username": "wordpress_user",
            "vpc_security_group_ids": [
              "sg-0905d8f89c24048cb"
            ]
          },
          "sensitive_attributes": [
            [
              {
                "type": "get_attr",
                "value": "password"
              }
            ]
          ],
          "private": "eyJlMmJmYjczMC1lY2FhLTExZTYtOGY4OC0zNDM2M2JjN2M0YzAiOnsiY3JlYXRlIjoyNDAwMDAwMDAwMDAwLCJkZWxldGUiOjM2MDAwMDAwMDAwMDAsInVwZGF0ZSI6NDgwMDAwMDAwMDAwMH0sInNjaGVtYV92ZXJzaW9uIjoiMSJ9",
          "dependencies": [
            "aws_security_group.database",
            "aws_subnet.main",
            "aws_subnet.second",
            "aws_vpc.main",
            "module.database.module.db_instance.aws_cloudwatch_log_group.this",
            "module.database.module.db_instance.aws_iam_role.enhanced_monitoring",
            "module.database.module.db_instance.random_id.snapshot_identifier",
            "module.database.module.db_option_group.aws_db_option_group.this",
            "module.database.module.db_parameter_group.aws_db_parameter_group.this",
            "module.database.module.db_subnet_group.aws_db_subnet_group.this",
            "module.database.random_password.master_password"
          ]
        }
      ]
    },
    {
      "module": "module.database.module.db_option_group",
      "mode": "managed",
      "type": "aws_db_option_group",
      "name": "this",
      "provider": "provider[\"registry.terraform.io/hashicorp/aws\"]",
      "instances": [
        {
          "index_key": 0,
          "schema_version": 0,
          "attributes": {
            "arn": "arn:aws:rds:us-east-1:851725328185:og:codio-database-20240129182245083500000002",
            "engine_name": "mysql",
            "id": "codio-database-20240129182245083500000002",
            "major_engine_version": "8.0",
            "name": "codio-database-20240129182245083500000002",
            "name_prefix": "codio-database-",
            "option": [],
            "option_group_description": "codio-database option group",
            "tags": {
              "Name": "codio-database"
            },
            "tags_all": {
              "Name": "codio-database"
            },
            "timeouts": {
              "delete": null
            }
          },
          "sensitive_attributes": [],
          "private": "eyJlMmJmYjczMC1lY2FhLTExZTYtOGY4OC0zNDM2M2JjN2M0YzAiOnsiZGVsZXRlIjo5MDAwMDAwMDAwMDB9fQ==",
          "create_before_destroy": true
        }
      ]
    },
    {
      "module": "module.database.module.db_parameter_group",
      "mode": "managed",
      "type": "aws_db_parameter_group",
      "name": "this",
      "provider": "provider[\"registry.terraform.io/hashicorp/aws\"]",
      "instances": [
        {
          "index_key": 0,
          "schema_version": 0,
          "attributes": {
            "arn": "arn:aws:rds:us-east-1:851725328185:pg:codio-database-20240129182245080700000001",
            "description": "codio-database parameter group",
            "family": "mysql8.0",
            "id": "codio-database-20240129182245080700000001",
            "name": "codio-database-20240129182245080700000001",
            "name_prefix": "codio-database-",
            "parameter": [],
            "tags": {
              "Name": "codio-database"
            },
            "tags_all": {
              "Name": "codio-database"
            }
          },
          "sensitive_attributes": [],
          "private": "bnVsbA==",
          "create_before_destroy": true
        }
      ]
    },
    {
      "module": "module.database.module.db_subnet_group",
      "mode": "managed",
      "type": "aws_db_subnet_group",
      "name": "this",
      "provider": "provider[\"registry.terraform.io/hashicorp/aws\"]",
      "instances": [
        {
          "index_key": 0,
          "schema_version": 0,
          "attributes": {
            "arn": "arn:aws:rds:us-east-1:851725328185:subgrp:codio-database-20240129182307869800000003",
            "description": "codio-database subnet group",
            "id": "codio-database-20240129182307869800000003",
            "name": "codio-database-20240129182307869800000003",
            "name_prefix": "codio-database-",
            "subnet_ids": [
              "subnet-06f292624c834bc2c",
              "subnet-0dee6cdd950e4dff8"
            ],
            "supported_network_types": [
              "IPV4"
            ],
            "tags": {
              "Name": "codio-database"
            },
            "tags_all": {
              "Name": "codio-database"
            },
            "vpc_id": "vpc-06d528b1143bc660e"
          },
          "sensitive_attributes": [],
          "private": "bnVsbA==",
          "dependencies": [
            "aws_subnet.main",
            "aws_subnet.second",
            "aws_vpc.main"
          ]
        }
      ]
    }
  ],
  "check_results": null
}
